
Microsoft Visual Studio Solution File, Format Version 12.00
# Visual Studio Version 16
VisualStudioVersion = 16.0.32228.343
MinimumVisualStudioVersion = 10.0.40219.1
Project("{FAE04EC0-301F-11D3-BF4B-00C04F79EFBC}") = "Print_class", "Print_class\Print_class.csproj", "{E1239989-B1FD-452E-AC4C-DA964478790D}"
EndProject
Global
	GlobalSection(SolutionConfigurationPlatforms) = preSolution
		Debug|Any CPU = Debug|Any CPU
		Release|Any CPU = Release|Any CPU
	EndGlobalSection
	GlobalSection(ProjectConfigurationPlatforms) = postSolution
		{E1239989-B1FD-452E-AC4C-DA964478790D}.Debug|Any CPU.ActiveCfg = Debug|Any CPU
		{E1239989-B1FD-452E-AC4C-DA964478790D}.Debug|Any CPU.Build.0 = Debug|Any CPU
		{E1239989-B1FD-452E-AC4C-DA964478790D}.Release|Any CPU.ActiveCfg = Release|Any CPU
		{E1239989-B1FD-452E-AC4C-DA964478790D}.Release|Any CPU.Build.0 = Release|Any CPU
	EndGlobalSection
	GlobalSection(SolutionProperties) = preSolution
		HideSolutionNode = FALSE
	EndGlobalSection
	GlobalSection(ExtensibilityGlobals) = postSolution
		SolutionGuid = {0F92E552-3074-496A-9444-5E5D3D8417A8}
	EndGlobalSection
EndGlobal
